
Microsoft Visual Studio Solution File, Format Version 12.00
# Visual Studio Version 16
VisualStudioVersion = 16.0.28803.156
MinimumVisualStudioVersion = 10.0.40219.1
Project("{FAE04EC0-301F-11D3-BF4B-00C04F79EFBC}") = "CT_REPORT", "CT_REPORT\CT_REPORT.csproj", "{A1272F64-6656-4FF6-BA59-A611DD60A634}"
EndProject
Global
	GlobalSection(SolutionConfigurationPlatforms) = preSolution
		Debug|Any CPU = Debug|Any CPU
		Release|Any CPU = Release|Any CPU
	EndGlobalSection
	GlobalSection(ProjectConfigurationPlatforms) = postSolution
		{A1272F64-6656-4FF6-BA59-A611DD60A634}.Debug|Any CPU.ActiveCfg = Debug|Any CPU
		{A1272F64-6656-4FF6-BA59-A611DD60A634}.Debug|Any CPU.Build.0 = Debug|Any CPU
		{A1272F64-6656-4FF6-BA59-A611DD60A634}.Release|Any CPU.ActiveCfg = Release|Any CPU
		{A1272F64-6656-4FF6-BA59-A611DD60A634}.Release|Any CPU.Build.0 = Release|Any CPU
	EndGlobalSection
	GlobalSection(SolutionProperties) = preSolution
		HideSolutionNode = FALSE
	EndGlobalSection
	GlobalSection(ExtensibilityGlobals) = postSolution
		SolutionGuid = {BD09FC5C-DE7B-4464-8674-DC4DE5B38014}
	EndGlobalSection
EndGlobal
